{
  "nodes": {
    "devshell-lib": {
      "locked": {
        "dir": "lib",
        "lastModified": 1767274074,
        "narHash": "sha256-h2grM9qoSnYdqN7K8+taeMuWC2umaN/c2FCBu48frlo=",
        "owner": "rensa-nix",
        "repo": "devshell",
        "rev": "5508ced269ee40ff7f5261ee3b5bf5597f7cad5d",
        "type": "gitlab"
      },
      "original": {
        "dir": "lib",
        "owner": "rensa-nix",
        "repo": "devshell",
        "type": "gitlab"
      }
    },
    "nix-gitlab-ci-lib": {
      "locked": {
        "dir": "lib",
        "lastModified": 1765444672,
        "narHash": "sha256-B0cMjRs9P50ym9Le0VUcRN69Yy6tbV13MXq81tTTEus=",
        "owner": "TECHNOFAB",
        "repo": "nix-gitlab-ci",
        "rev": "8f88a53b5479773cd626420362631bc1da99e677",
        "type": "gitlab"
      },
      "original": {
        "dir": "lib",
        "owner": "TECHNOFAB",
        "ref": "3.1.2",
        "repo": "nix-gitlab-ci",
        "type": "gitlab"
      }
    },
    "nixmkdocs-lib": {
      "locked": {
        "dir": "lib",
        "lastModified": 1767549915,
        "narHash": "sha256-by3r2qddlyzylup5fzSaDwtoy3eFHNKb65IuIq6bsAs=",
        "owner": "TECHNOFAB",
        "repo": "nixmkdocs",
        "rev": "f3b2f4b19178e97c5580367be0f97e61a085db6d",
        "type": "gitlab"
      },
      "original": {
        "dir": "lib",
        "owner": "TECHNOFAB",
        "repo": "nixmkdocs",
        "type": "gitlab"
      }
    },
    "nixtest-lib": {
      "locked": {
        "dir": "lib",
        "lastModified": 1769441055,
        "narHash": "sha256-SrHLnM3UMzpj5/o52yf3lFOVpsIGEU5nAFUkdeJO1bM=",
        "owner": "TECHNOFAB",
        "repo": "nixtest",
        "rev": "9f9fcb85349003edb554574d0e3f623811866f50",
        "type": "gitlab"
      },
      "original": {
        "dir": "lib",
        "owner": "TECHNOFAB",
        "repo": "nixtest",
        "type": "gitlab"
      }
    },
    "root": {
      "inputs": {
        "devshell-lib": "devshell-lib",
        "nix-gitlab-ci-lib": "nix-gitlab-ci-lib",
        "nixmkdocs-lib": "nixmkdocs-lib",
        "nixtest-lib": "nixtest-lib",
        "soonix-lib": "soonix-lib",
        "treefmt-nix": "treefmt-nix"
      }
    },
    "soonix-lib": {
      "locked": {
        "dir": "lib",
        "lastModified": 1769607658,
        "narHash": "sha256-gF9/QmmaNRgqkC5cqSGgwWvGXj9Mj4qMDkvvF/5BlSA=",
        "owner": "TECHNOFAB",
        "repo": "soonix",
        "rev": "19a88a0c2681bbc85bc2cbe4f2860316d50fe957",
        "type": "gitlab"
      },
      "original": {
        "dir": "lib",
        "owner": "TECHNOFAB",
        "repo": "soonix",
        "type": "gitlab"
      }
    },
    "treefmt-nix": {
      "flake": false,
      "locked": {
        "lastModified": 1769691507,
        "narHash": "sha256-8aAYwyVzSSwIhP2glDhw/G0i5+wOrren3v6WmxkVonM=",
        "owner": "numtide",
        "repo": "treefmt-nix",
        "rev": "28b19c5844cc6e2257801d43f2772a4b4c050a1b",
        "type": "github"
      },
      "original": {
        "owner": "numtide",
        "repo": "treefmt-nix",
        "type": "github"
      }
    }
  },
  "root": "root",
  "version": 7
}
